
Microsoft Visual Studio Solution File, Format Version 12.00
# Visual Studio Version 17
VisualStudioVersion = 17.7.34202.233
MinimumVisualStudioVersion = 10.0.40219.1
Project("{8BC9CEB8-8B4A-11D0-8D11-00A0C91BC942}") = "laba8", "laba8\laba8.vcxproj", "{1C722293-5009-47C0-8552-34C74A188A33}"
EndProject
Global
	GlobalSection(SolutionConfigurationPlatforms) = preSolution
		Debug|x64 = Debug|x64
		Debug|x86 = Debug|x86
		Release|x64 = Release|x64
		Release|x86 = Release|x86
	EndGlobalSection
	GlobalSection(ProjectConfigurationPlatforms) = postSolution
		{1C722293-5009-47C0-8552-34C74A188A33}.Debug|x64.ActiveCfg = Debug|x64
		{1C722293-5009-47C0-8552-34C74A188A33}.Debug|x64.Build.0 = Debug|x64
		{1C722293-5009-47C0-8552-34C74A188A33}.Debug|x86.ActiveCfg = Debug|Win32
		{1C722293-5009-47C0-8552-34C74A188A33}.Debug|x86.Build.0 = Debug|Win32
		{1C722293-5009-47C0-8552-34C74A188A33}.Release|x64.ActiveCfg = Release|x64
		{1C722293-5009-47C0-8552-34C74A188A33}.Release|x64.Build.0 = Release|x64
		{1C722293-5009-47C0-8552-34C74A188A33}.Release|x86.ActiveCfg = Release|Win32
		{1C722293-5009-47C0-8552-34C74A188A33}.Release|x86.Build.0 = Release|Win32
	EndGlobalSection
	GlobalSection(SolutionProperties) = preSolution
		HideSolutionNode = FALSE
	EndGlobalSection
	GlobalSection(ExtensibilityGlobals) = postSolution
		SolutionGuid = {B7F1BADC-BA5D-4E2B-9917-163B1DA59602}
	EndGlobalSection
EndGlobal
